
Microsoft Visual Studio Solution File, Format Version 12.00
# Visual Studio Version 16
VisualStudioVersion = 16.0.31129.286
MinimumVisualStudioVersion = 10.0.40219.1
Project("{FAE04EC0-301F-11D3-BF4B-00C04F79EFBC}") = "Ejercicio_1", "Ejercicio_1\Ejercicio_1.csproj", "{2F6B1E94-F00A-47C5-A087-9F57FFDAEA8C}"
EndProject
Global
	GlobalSection(SolutionConfigurationPlatforms) = preSolution
		Debug|Any CPU = Debug|Any CPU
		Release|Any CPU = Release|Any CPU
	EndGlobalSection
	GlobalSection(ProjectConfigurationPlatforms) = postSolution
		{2F6B1E94-F00A-47C5-A087-9F57FFDAEA8C}.Debug|Any CPU.ActiveCfg = Debug|Any CPU
		{2F6B1E94-F00A-47C5-A087-9F57FFDAEA8C}.Debug|Any CPU.Build.0 = Debug|Any CPU
		{2F6B1E94-F00A-47C5-A087-9F57FFDAEA8C}.Release|Any CPU.ActiveCfg = Release|Any CPU
		{2F6B1E94-F00A-47C5-A087-9F57FFDAEA8C}.Release|Any CPU.Build.0 = Release|Any CPU
	EndGlobalSection
	GlobalSection(SolutionProperties) = preSolution
		HideSolutionNode = FALSE
	EndGlobalSection
	GlobalSection(ExtensibilityGlobals) = postSolution
		SolutionGuid = {69B9D0F6-17B3-41DB-A343-473BF2487A6F}
	EndGlobalSection
EndGlobal
