
Microsoft Visual Studio Solution File, Format Version 12.00
# Visual Studio Version 16
VisualStudioVersion = 16.0.31205.134
MinimumVisualStudioVersion = 10.0.40219.1
Project("{FAE04EC0-301F-11D3-BF4B-00C04F79EFBC}") = "Datos", "Datos\Datos.csproj", "{8F964223-A3B4-4C87-8F86-3918E1D5737B}"
EndProject
Global
	GlobalSection(SolutionConfigurationPlatforms) = preSolution
		Debug|Any CPU = Debug|Any CPU
		Release|Any CPU = Release|Any CPU
	EndGlobalSection
	GlobalSection(ProjectConfigurationPlatforms) = postSolution
		{8F964223-A3B4-4C87-8F86-3918E1D5737B}.Debug|Any CPU.ActiveCfg = Debug|Any CPU
		{8F964223-A3B4-4C87-8F86-3918E1D5737B}.Debug|Any CPU.Build.0 = Debug|Any CPU
		{8F964223-A3B4-4C87-8F86-3918E1D5737B}.Release|Any CPU.ActiveCfg = Release|Any CPU
		{8F964223-A3B4-4C87-8F86-3918E1D5737B}.Release|Any CPU.Build.0 = Release|Any CPU
	EndGlobalSection
	GlobalSection(SolutionProperties) = preSolution
		HideSolutionNode = FALSE
	EndGlobalSection
	GlobalSection(ExtensibilityGlobals) = postSolution
		SolutionGuid = {D922264A-1D6A-44EE-BD0C-0962DEF967DB}
	EndGlobalSection
EndGlobal
